
Microsoft Visual Studio Solution File, Format Version 12.00
Project("{FAE04EC0-301F-11D3-BF4B-00C04F79EFBC}") = "Eshop.Bootsrapper", "Eshop.Bootsrapper\Eshop.Bootsrapper.csproj", "{5FA29867-E432-4010-8334-127DF3AB7E4B}"
EndProject
Project("{2150E333-8FDC-42A3-9474-1A3956D46DE8}") = "Bootstapper", "Bootstapper", "{26FC826A-2764-4966-A6F4-F647C6395994}"
EndProject
Project("{2150E333-8FDC-42A3-9474-1A3956D46DE8}") = "Modules", "Modules", "{CD6C7503-DDA0-488A-AA07-310D4DBAA7FC}"
EndProject
Project("{2150E333-8FDC-42A3-9474-1A3956D46DE8}") = "Catalog", "Catalog", "{497F0C6A-B987-4D8F-B6E2-DB8BB407B1B2}"
EndProject
Project("{FAE04EC0-301F-11D3-BF4B-00C04F79EFBC}") = "Catalog.API", "Catalog.API\Catalog.API.csproj", "{FCA79739-1C68-4B61-AFA8-BF4F6010F554}"
EndProject
Project("{2150E333-8FDC-42A3-9474-1A3956D46DE8}") = "Authentication", "Authentication", "{523268C4-9B53-4C43-9428-B9695071B47C}"
EndProject
Project("{2150E333-8FDC-42A3-9474-1A3956D46DE8}") = "Shipping", "Shipping", "{2F85F681-5A5E-4A90-A171-CF325FC93540}"
EndProject
Project("{2150E333-8FDC-42A3-9474-1A3956D46DE8}") = "Orders", "Orders", "{251080F8-5A7D-450A-8087-8D90F19F2546}"
EndProject
Project("{FAE04EC0-301F-11D3-BF4B-00C04F79EFBC}") = "Catalog.Application", "Catalog.Application\Catalog.Application.csproj", "{67700F0C-6965-401F-B569-9E822970EAF8}"
EndProject
Project("{FAE04EC0-301F-11D3-BF4B-00C04F79EFBC}") = "Catalog.Domain", "Catalog.Domain\Catalog.Domain.csproj", "{5B316110-9CEE-44C8-8B0E-51D10B250548}"
EndProject
Project("{FAE04EC0-301F-11D3-BF4B-00C04F79EFBC}") = "Catalog.Infrastructure", "Catalog.Infrastructure\Catalog.Infrastructure.csproj", "{2ABE1429-1FBF-4069-9558-77595A6C705F}"
EndProject
Project("{FAE04EC0-301F-11D3-BF4B-00C04F79EFBC}") = "Authentication.API", "Authentication.API\Authentication.API.csproj", "{6A52FA2A-D164-42ED-97C1-9B97AEC7C0F0}"
EndProject
Project("{2150E333-8FDC-42A3-9474-1A3956D46DE8}") = "SharedKernel", "SharedKernel", "{D4D63680-2CD9-4A93-949D-D8F9281F006D}"
EndProject
Project("{FAE04EC0-301F-11D3-BF4B-00C04F79EFBC}") = "SharedKernel.Infrastructure", "SharedKernel.Infrastructure\SharedKernel.Infrastructure.csproj", "{AB9495A7-423E-4F8D-9047-B5FFA81F5B33}"
EndProject
Project("{FAE04EC0-301F-11D3-BF4B-00C04F79EFBC}") = "Catalog.Shared", "Catalog.Shared\Catalog.Shared.csproj", "{5F5ED532-C67A-4147-B751-DDB3E6A7ED67}"
EndProject
Project("{FAE04EC0-301F-11D3-BF4B-00C04F79EFBC}") = "Orders.Api", "Orders.Api\Orders.Api.csproj", "{78D318CC-9177-4091-8E94-159981EE43CE}"
EndProject
Project("{FAE04EC0-301F-11D3-BF4B-00C04F79EFBC}") = "Orders.Application", "Orders.Application\Orders.Application.csproj", "{7FF7DE5B-15FD-43CA-9061-5F8B5BA0B653}"
EndProject
Project("{FAE04EC0-301F-11D3-BF4B-00C04F79EFBC}") = "Orders.Infrastructure", "Orders.Infrastructure\Orders.Infrastructure.csproj", "{74B58D22-2DED-4930-9003-C14F03412CE2}"
EndProject
Project("{FAE04EC0-301F-11D3-BF4B-00C04F79EFBC}") = "Orders.Domain", "Orders.Domain\Orders.Domain.csproj", "{DA4BF748-AA76-4FB2-9170-ADAD8C351C46}"
EndProject
Project("{FAE04EC0-301F-11D3-BF4B-00C04F79EFBC}") = "Shared.Core", "Shared.Core\Shared.Core.csproj", "{A725F783-8B24-4070-9419-501BB82730E0}"
EndProject
Global
	GlobalSection(SolutionConfigurationPlatforms) = preSolution
		Debug|Any CPU = Debug|Any CPU
		Release|Any CPU = Release|Any CPU
	EndGlobalSection
	GlobalSection(ProjectConfigurationPlatforms) = postSolution
		{5FA29867-E432-4010-8334-127DF3AB7E4B}.Debug|Any CPU.ActiveCfg = Debug|Any CPU
		{5FA29867-E432-4010-8334-127DF3AB7E4B}.Debug|Any CPU.Build.0 = Debug|Any CPU
		{5FA29867-E432-4010-8334-127DF3AB7E4B}.Release|Any CPU.ActiveCfg = Release|Any CPU
		{5FA29867-E432-4010-8334-127DF3AB7E4B}.Release|Any CPU.Build.0 = Release|Any CPU
		{FCA79739-1C68-4B61-AFA8-BF4F6010F554}.Debug|Any CPU.ActiveCfg = Debug|Any CPU
		{FCA79739-1C68-4B61-AFA8-BF4F6010F554}.Debug|Any CPU.Build.0 = Debug|Any CPU
		{FCA79739-1C68-4B61-AFA8-BF4F6010F554}.Release|Any CPU.ActiveCfg = Release|Any CPU
		{FCA79739-1C68-4B61-AFA8-BF4F6010F554}.Release|Any CPU.Build.0 = Release|Any CPU
		{67700F0C-6965-401F-B569-9E822970EAF8}.Debug|Any CPU.ActiveCfg = Debug|Any CPU
		{67700F0C-6965-401F-B569-9E822970EAF8}.Debug|Any CPU.Build.0 = Debug|Any CPU
		{67700F0C-6965-401F-B569-9E822970EAF8}.Release|Any CPU.ActiveCfg = Release|Any CPU
		{67700F0C-6965-401F-B569-9E822970EAF8}.Release|Any CPU.Build.0 = Release|Any CPU
		{5B316110-9CEE-44C8-8B0E-51D10B250548}.Debug|Any CPU.ActiveCfg = Debug|Any CPU
		{5B316110-9CEE-44C8-8B0E-51D10B250548}.Debug|Any CPU.Build.0 = Debug|Any CPU
		{5B316110-9CEE-44C8-8B0E-51D10B250548}.Release|Any CPU.ActiveCfg = Release|Any CPU
		{5B316110-9CEE-44C8-8B0E-51D10B250548}.Release|Any CPU.Build.0 = Release|Any CPU
		{2ABE1429-1FBF-4069-9558-77595A6C705F}.Debug|Any CPU.ActiveCfg = Debug|Any CPU
		{2ABE1429-1FBF-4069-9558-77595A6C705F}.Debug|Any CPU.Build.0 = Debug|Any CPU
		{2ABE1429-1FBF-4069-9558-77595A6C705F}.Release|Any CPU.ActiveCfg = Release|Any CPU
		{2ABE1429-1FBF-4069-9558-77595A6C705F}.Release|Any CPU.Build.0 = Release|Any CPU
		{6A52FA2A-D164-42ED-97C1-9B97AEC7C0F0}.Debug|Any CPU.ActiveCfg = Debug|Any CPU
		{6A52FA2A-D164-42ED-97C1-9B97AEC7C0F0}.Debug|Any CPU.Build.0 = Debug|Any CPU
		{6A52FA2A-D164-42ED-97C1-9B97AEC7C0F0}.Release|Any CPU.ActiveCfg = Release|Any CPU
		{6A52FA2A-D164-42ED-97C1-9B97AEC7C0F0}.Release|Any CPU.Build.0 = Release|Any CPU
		{AB9495A7-423E-4F8D-9047-B5FFA81F5B33}.Debug|Any CPU.ActiveCfg = Debug|Any CPU
		{AB9495A7-423E-4F8D-9047-B5FFA81F5B33}.Debug|Any CPU.Build.0 = Debug|Any CPU
		{AB9495A7-423E-4F8D-9047-B5FFA81F5B33}.Release|Any CPU.ActiveCfg = Release|Any CPU
		{AB9495A7-423E-4F8D-9047-B5FFA81F5B33}.Release|Any CPU.Build.0 = Release|Any CPU
		{5F5ED532-C67A-4147-B751-DDB3E6A7ED67}.Debug|Any CPU.ActiveCfg = Debug|Any CPU
		{5F5ED532-C67A-4147-B751-DDB3E6A7ED67}.Debug|Any CPU.Build.0 = Debug|Any CPU
		{5F5ED532-C67A-4147-B751-DDB3E6A7ED67}.Release|Any CPU.ActiveCfg = Release|Any CPU
		{5F5ED532-C67A-4147-B751-DDB3E6A7ED67}.Release|Any CPU.Build.0 = Release|Any CPU
		{78D318CC-9177-4091-8E94-159981EE43CE}.Debug|Any CPU.ActiveCfg = Debug|Any CPU
		{78D318CC-9177-4091-8E94-159981EE43CE}.Debug|Any CPU.Build.0 = Debug|Any CPU
		{78D318CC-9177-4091-8E94-159981EE43CE}.Release|Any CPU.ActiveCfg = Release|Any CPU
		{78D318CC-9177-4091-8E94-159981EE43CE}.Release|Any CPU.Build.0 = Release|Any CPU
		{7FF7DE5B-15FD-43CA-9061-5F8B5BA0B653}.Debug|Any CPU.ActiveCfg = Debug|Any CPU
		{7FF7DE5B-15FD-43CA-9061-5F8B5BA0B653}.Debug|Any CPU.Build.0 = Debug|Any CPU
		{7FF7DE5B-15FD-43CA-9061-5F8B5BA0B653}.Release|Any CPU.ActiveCfg = Release|Any CPU
		{7FF7DE5B-15FD-43CA-9061-5F8B5BA0B653}.Release|Any CPU.Build.0 = Release|Any CPU
		{74B58D22-2DED-4930-9003-C14F03412CE2}.Debug|Any CPU.ActiveCfg = Debug|Any CPU
		{74B58D22-2DED-4930-9003-C14F03412CE2}.Debug|Any CPU.Build.0 = Debug|Any CPU
		{74B58D22-2DED-4930-9003-C14F03412CE2}.Release|Any CPU.ActiveCfg = Release|Any CPU
		{74B58D22-2DED-4930-9003-C14F03412CE2}.Release|Any CPU.Build.0 = Release|Any CPU
		{DA4BF748-AA76-4FB2-9170-ADAD8C351C46}.Debug|Any CPU.ActiveCfg = Debug|Any CPU
		{DA4BF748-AA76-4FB2-9170-ADAD8C351C46}.Debug|Any CPU.Build.0 = Debug|Any CPU
		{DA4BF748-AA76-4FB2-9170-ADAD8C351C46}.Release|Any CPU.ActiveCfg = Release|Any CPU
		{DA4BF748-AA76-4FB2-9170-ADAD8C351C46}.Release|Any CPU.Build.0 = Release|Any CPU
		{A725F783-8B24-4070-9419-501BB82730E0}.Debug|Any CPU.ActiveCfg = Debug|Any CPU
		{A725F783-8B24-4070-9419-501BB82730E0}.Debug|Any CPU.Build.0 = Debug|Any CPU
		{A725F783-8B24-4070-9419-501BB82730E0}.Release|Any CPU.ActiveCfg = Release|Any CPU
		{A725F783-8B24-4070-9419-501BB82730E0}.Release|Any CPU.Build.0 = Release|Any CPU
	EndGlobalSection
	GlobalSection(NestedProjects) = preSolution
		{5FA29867-E432-4010-8334-127DF3AB7E4B} = {26FC826A-2764-4966-A6F4-F647C6395994}
		{497F0C6A-B987-4D8F-B6E2-DB8BB407B1B2} = {CD6C7503-DDA0-488A-AA07-310D4DBAA7FC}
		{FCA79739-1C68-4B61-AFA8-BF4F6010F554} = {497F0C6A-B987-4D8F-B6E2-DB8BB407B1B2}
		{523268C4-9B53-4C43-9428-B9695071B47C} = {CD6C7503-DDA0-488A-AA07-310D4DBAA7FC}
		{2F85F681-5A5E-4A90-A171-CF325FC93540} = {CD6C7503-DDA0-488A-AA07-310D4DBAA7FC}
		{251080F8-5A7D-450A-8087-8D90F19F2546} = {CD6C7503-DDA0-488A-AA07-310D4DBAA7FC}
		{67700F0C-6965-401F-B569-9E822970EAF8} = {497F0C6A-B987-4D8F-B6E2-DB8BB407B1B2}
		{5B316110-9CEE-44C8-8B0E-51D10B250548} = {497F0C6A-B987-4D8F-B6E2-DB8BB407B1B2}
		{2ABE1429-1FBF-4069-9558-77595A6C705F} = {497F0C6A-B987-4D8F-B6E2-DB8BB407B1B2}
		{6A52FA2A-D164-42ED-97C1-9B97AEC7C0F0} = {523268C4-9B53-4C43-9428-B9695071B47C}
		{D4D63680-2CD9-4A93-949D-D8F9281F006D} = {CD6C7503-DDA0-488A-AA07-310D4DBAA7FC}
		{AB9495A7-423E-4F8D-9047-B5FFA81F5B33} = {D4D63680-2CD9-4A93-949D-D8F9281F006D}
		{5F5ED532-C67A-4147-B751-DDB3E6A7ED67} = {497F0C6A-B987-4D8F-B6E2-DB8BB407B1B2}
		{78D318CC-9177-4091-8E94-159981EE43CE} = {251080F8-5A7D-450A-8087-8D90F19F2546}
		{7FF7DE5B-15FD-43CA-9061-5F8B5BA0B653} = {251080F8-5A7D-450A-8087-8D90F19F2546}
		{74B58D22-2DED-4930-9003-C14F03412CE2} = {251080F8-5A7D-450A-8087-8D90F19F2546}
		{DA4BF748-AA76-4FB2-9170-ADAD8C351C46} = {251080F8-5A7D-450A-8087-8D90F19F2546}
		{A725F783-8B24-4070-9419-501BB82730E0} = {D4D63680-2CD9-4A93-949D-D8F9281F006D}
	EndGlobalSection
EndGlobal
